
Microsoft Visual Studio Solution File, Format Version 12.00
# Visual Studio 2013
VisualStudioVersion = 12.0.31101.0
MinimumVisualStudioVersion = 10.0.40219.1
Project("{FAE04EC0-301F-11D3-BF4B-00C04F79EFBC}") = "Kesoft.AutoUpdate", "Kesoft.AutoUpdate\Kesoft.AutoUpdate.csproj", "{0A7F1F81-5265-4388-B584-B283171E9CED}"
EndProject
Global
	GlobalSection(SolutionConfigurationPlatforms) = preSolution
		Debug|Any CPU = Debug|Any CPU
		Release|Any CPU = Release|Any CPU
	EndGlobalSection
	GlobalSection(ProjectConfigurationPlatforms) = postSolution
		{0A7F1F81-5265-4388-B584-B283171E9CED}.Debug|Any CPU.ActiveCfg = Debug|Any CPU
		{0A7F1F81-5265-4388-B584-B283171E9CED}.Debug|Any CPU.Build.0 = Debug|Any CPU
		{0A7F1F81-5265-4388-B584-B283171E9CED}.Release|Any CPU.ActiveCfg = Release|Any CPU
		{0A7F1F81-5265-4388-B584-B283171E9CED}.Release|Any CPU.Build.0 = Release|Any CPU
	EndGlobalSection
	GlobalSection(SolutionProperties) = preSolution
		HideSolutionNode = FALSE
	EndGlobalSection
EndGlobal
